{
    "hash": "3f5543217b35c1a232f8f2dec54baf7e",
    "packages": [
        {
            "package": "fabpot/goutte",
            "version": "dev-master",
            "alias-pretty-version": "1.0.x-dev",
            "alias-version": "1.0.9999999.9999999-dev"
        },
        {
            "package": "fabpot/goutte",
            "version": "dev-master",
            "source-reference": "5f7fd00c7f1c47a66e552f636450ff883e02cf33",
            "commit-date": "1343461948"
        },
        {
            "package": "guzzle/common",
            "version": "v2.8.2"
        },
        {
            "package": "guzzle/http",
            "version": "v2.8.2"
        },
        {
            "package": "guzzle/parser",
            "version": "v2.8.2"
        },
        {
            "package": "symfony/browser-kit",
            "version": "dev-master",
            "alias-pretty-version": "2.1.x-dev",
            "alias-version": "2.1.9999999.9999999-dev"
        },
        {
            "package": "symfony/browser-kit",
            "version": "dev-master",
            "source-reference": "a224ae56865fd63e4a63958275117168479c8e0f",
            "commit-date": "1343564266"
        },
        {
            "package": "symfony/css-selector",
            "version": "dev-master",
            "alias-pretty-version": "2.1.x-dev",
            "alias-version": "2.1.9999999.9999999-dev"
        },
        {
            "package": "symfony/css-selector",
            "version": "dev-master",
            "source-reference": "v2.1.0-BETA4",
            "commit-date": "1342347231"
        },
        {
            "package": "symfony/dom-crawler",
            "version": "dev-master",
            "alias-pretty-version": "2.1.x-dev",
            "alias-version": "2.1.9999999.9999999-dev"
        },
        {
            "package": "symfony/dom-crawler",
            "version": "dev-master",
            "source-reference": "v2.1.0-BETA4",
            "commit-date": "1342347231"
        },
        {
            "package": "symfony/event-dispatcher",
            "version": "dev-master",
            "alias-pretty-version": "2.1.x-dev",
            "alias-version": "2.1.9999999.9999999-dev"
        },
        {
            "package": "symfony/event-dispatcher",
            "version": "dev-master",
            "source-reference": "v2.1.0-BETA4",
            "commit-date": "1342739894"
        },
        {
            "package": "symfony/finder",
            "version": "dev-master",
            "alias-pretty-version": "2.1.x-dev",
            "alias-version": "2.1.9999999.9999999-dev"
        },
        {
            "package": "symfony/finder",
            "version": "dev-master",
            "source-reference": "7fe9695cb1dae09df7f545aabed8fa4b0026108b",
            "commit-date": "1343512949"
        },
        {
            "package": "symfony/process",
            "version": "dev-master",
            "alias-pretty-version": "2.1.x-dev",
            "alias-version": "2.1.9999999.9999999-dev"
        },
        {
            "package": "symfony/process",
            "version": "dev-master",
            "source-reference": "7278cfeeb168654bcd148127796cfcd504a30dbe",
            "commit-date": "1343512949"
        }
    ],
    "packages-dev": null,
    "aliases": [

    ],
    "minimum-stability": "dev",
    "stability-flags": {
        "fabpot/goutte": 20
    }
}
